<?xml version="1.0" encoding="utf-8"?>
<Project ToolsVersion="15.0" xmlns="http://schemas.microsoft.com/developer/msbuild/2003">
  <ItemGroup>
    <ClCompile Include="C:\iTest\Trunk\Source\iTest_Drivers\CAN_XC16\libicsneo\api\icsneolegacy\icsneolegacy.cpp" />
    <ClCompile Include="C:\iTest\Trunk\Source\iTest_Drivers\CAN_XC16\libicsneo\api\icsneolegacy\icsneolegacyextra.cpp" />
    <ClCompile Include="C:\iTest\Trunk\Source\iTest_Drivers\CAN_XC16\libicsneo\api\icsneoc\icsneoc.cpp" />
  </ItemGroup>
  <ItemGroup>
    <None Include="C:\iTest\Trunk\Source\iTest_Drivers\CAN_XC16\libicsneo\platform\windows\icsneolegacy.def" />
  </ItemGroup>
  <ItemGroup>
    <Filter Include="Source Files">
      <UniqueIdentifier>{CF83F90F-06AB-3AF3-A52A-9069673914EF}</UniqueIdentifier>
    </Filter>
  </ItemGroup>
</Project>