<?xml version="1.0" encoding="utf-8"?>
<Project ToolsVersion="4.0" xmlns="http://schemas.microsoft.com/developer/msbuild/2003">
  <ItemGroup>
    <Filter Include="Source Files">
      <UniqueIdentifier>{a82e50f5-afbf-41f7-a225-0ef20c7e6110}</UniqueIdentifier>
    </Filter>
    <Filter Include="Header Files">
      <UniqueIdentifier>{08b1c79a-da7a-4526-bd07-fd31379e3c43}</UniqueIdentifier>
    </Filter>
  </ItemGroup>
  <ItemGroup>
    <ClCompile Include="..\examples\cpp\loopback\src\VCExample.cpp">
      <Filter>Source Files</Filter>
    </ClCompile>
    <ClCompile Include="..\examples\cpp\loopback\src\stdafx.cpp">
      <Filter>Source Files</Filter>
    </ClCompile>
    <ClCompile Include="..\examples\cpp\loopback\src\icsneo40DLLAPI.cpp">
      <Filter>Source Files</Filter>
    </ClCompile>
  </ItemGroup>
  <ItemGroup>
    <ClInclude Include="..\examples\cpp\loopback\src\VCExample.h">
      <Filter>Header Files</Filter>
    </ClInclude>
    <ClInclude Include="..\examples\cpp\loopback\src\stdafx.h">
      <Filter>Header Files</Filter>
    </ClInclude>
    <ClInclude Include="..\examples\cpp\loopback\src\icsnVC40.h">
      <Filter>Header Files</Filter>
    </ClInclude>
    <ClInclude Include="..\examples\cpp\loopback\src\icsneo40DLLAPI.h">
      <Filter>Header Files</Filter>
    </ClInclude>
  </ItemGroup>
</Project>